{
  "name": "@smartrent/insomnia-plugin-sha512-hmac-auth",
  "version": "1.0.2",
  "lockfileVersion": 1,
  "requires": true,
  "dependencies": {
    "crypto-js": {
      "version": "3.1.9-1",
      "resolved": "https://registry.npmjs.org/crypto-js/-/crypto-js-3.1.9-1.tgz",
      "integrity": "sha1-/aGedh/Ad+Af+/3G6f38WeiAbNg="
    },
    "insomnia-url": {
      "version": "0.1.9",
      "resolved": "https://registry.npmjs.org/insomnia-url/-/insomnia-url-0.1.9.tgz",
      "integrity": "sha512-eC8I3CKnHkEoIwvMGv0YtaFJq4FG6vDYCEEz4i4nJQsRClpcp/6Gx4Kstv3oAzGjgqwYwaXyfX2iJNIu8PW8+Q=="
    }
  }
}
